github.com/toby1984/go_vectors v1.0.0 h1:HCuzczNHSkD7HRkrndRaBUV9m45lYcnwk9BJFPSS8wc=
github.com/toby1984/go_vectors v1.0.0/go.mod h1:LD4fd7JXxCBpSw+a702oA4kmTAfQZZjzcx3jfTJXVHA=
github.com/toby1984/hellogo v1.0.0 h1:fjG30fK9j3BSwt7Q+DPmSOQDYv5w7o+/Tl1O3fA5vX4=
github.com/toby1984/hellogo v1.0.0/go.mod h1:OY71eihBfmj0J5TOK7vxie7EvXa91Cdjkdm9+56GeBw=
github.com/toby1984/hellogo v1.0.1 h1:w1+6mC9jLwM+zlOHJY3eLwEGc3kN0YRCJlalK6Mzuhg=
github.com/toby1984/hellogo v1.0.1/go.mod h1:9JRrs0mPyr3UlYP6qwp9zPKhJUv10N6USkH4k8MZlow=
